
Microsoft Visual Studio Solution File, Format Version 12.00
# Visual Studio Version 17
VisualStudioVersion = 17.7.34003.232
MinimumVisualStudioVersion = 10.0.40219.1
Project("{2150E333-8FDC-42A3-9474-1A3956D46DE8}") = "src", "src", "{4617551D-2461-4645-BB90-04B8C4A71795}"
EndProject
Project("{2150E333-8FDC-42A3-9474-1A3956D46DE8}") = "services", "services", "{70F25C4E-1281-47E1-AF5D-E724AFA3B7CE}"
EndProject
Project("{2150E333-8FDC-42A3-9474-1A3956D46DE8}") = "framework", "framework", "{BEE011F2-AF1B-4BF1-BA9A-2E0C5FF9CAAC}"
EndProject
Project("{2150E333-8FDC-42A3-9474-1A3956D46DE8}") = "infrastructures", "infrastructures", "{21D5FA9A-759A-42BB-9C00-7987B4C40BE7}"
EndProject
Project("{2150E333-8FDC-42A3-9474-1A3956D46DE8}") = "Gara.Management", "Gara.Management", "{60DBA0AB-9D9A-4851-B396-DE48C2FF41E2}"
EndProject
Project("{9A19103F-16F7-4668-BE54-9A1E7A4F7556}") = "Gara.Management.Api", "src\services\Gara.Management\Gara.Management.Api\Gara.Management.Api.csproj", "{4056959F-A9DD-49C3-AB85-A0A799981CA7}"
EndProject
Project("{9A19103F-16F7-4668-BE54-9A1E7A4F7556}") = "Gara.Management.Application", "src\services\Gara.Management\Gara.Management.Application\Gara.Management.Application.csproj", "{4D1B6106-B40B-4BB3-81E7-4A44BCA25D31}"
EndProject
Project("{9A19103F-16F7-4668-BE54-9A1E7A4F7556}") = "Gara.Management.Domain", "src\services\Gara.Management\Gara.Management.Domain\Gara.Management.Domain.csproj", "{8C030FC6-9414-49DC-8D9A-D91F4A442CAE}"
EndProject
Project("{9A19103F-16F7-4668-BE54-9A1E7A4F7556}") = "Gara.Domain", "src\infrastructures\Gara.Domain\Gara.Domain.csproj", "{51638CD1-248C-4FDF-9BAD-693A3F48A185}"
EndProject
Project("{9A19103F-16F7-4668-BE54-9A1E7A4F7556}") = "Gara.Persistance", "src\framework\Gara.Persistance\Gara.Persistance.csproj", "{DBA9DD54-FA2C-4016-93B4-355F7C6D0C31}"
EndProject
Project("{9A19103F-16F7-4668-BE54-9A1E7A4F7556}") = "Gara.Persistance.Ef", "src\infrastructures\Gara.Persistance.Ef\Gara.Persistance.Ef.csproj", "{2ADAB4A9-EA18-484E-9630-6D0678F3DEE8}"
EndProject
Project("{2150E333-8FDC-42A3-9474-1A3956D46DE8}") = "Gara.Identity", "Gara.Identity", "{EDB09E20-9955-4928-A933-B932A31FF5A2}"
EndProject
Project("{9A19103F-16F7-4668-BE54-9A1E7A4F7556}") = "Gara.Identity.Domain", "src\services\Gara.Identity\Gara.Identity.Domain\Gara.Identity.Domain.csproj", "{427563BA-7E1A-4478-A48A-28D23BE31991}"
EndProject
Project("{9A19103F-16F7-4668-BE54-9A1E7A4F7556}") = "Gara.Cache", "src\infrastructures\QuotePlatform.Cache\Gara.Cache.csproj", "{C2242C57-1DA7-4CF0-86A1-097FACA695DD}"
EndProject
Project("{9A19103F-16F7-4668-BE54-9A1E7A4F7556}") = "Gara.Cache.Redis", "src\infrastructures\Gara.Cache.Redis\Gara.Cache.Redis.csproj", "{A685B215-782E-4CCF-AD80-D5F5F9990CB9}"
EndProject
Project("{2150E333-8FDC-42A3-9474-1A3956D46DE8}") = "test", "test", "{320970DC-DF34-4518-AB41-5595566988D2}"
EndProject
Project("{9A19103F-16F7-4668-BE54-9A1E7A4F7556}") = "Gara.Management.Api.Test", "test\Gara.Management.Api.Test\Gara.Management.Api.Test.csproj", "{89BCA064-3739-4493-88FB-A901503DF1D2}"
EndProject
Project("{9A19103F-16F7-4668-BE54-9A1E7A4F7556}") = "Gara.Exceptions", "src\infrastructures\Gara.Exceptions\Gara.Exceptions.csproj", "{58C93EFB-0B34-41D6-BB96-4E9F80936F3F}"
EndProject
Project("{2150E333-8FDC-42A3-9474-1A3956D46DE8}") = "Gara.Media", "Gara.Media", "{09A2DFC4-B1FB-4443-A90B-C0E0C838CC0B}"
EndProject
Project("{9A19103F-16F7-4668-BE54-9A1E7A4F7556}") = "Gara.Media.Api", "src\services\Gara.Media\Gara.Media.Api\Gara.Media.Api.csproj", "{29B8C68A-DD72-4023-BA98-9696FFA11E91}"
EndProject
Project("{2150E333-8FDC-42A3-9474-1A3956D46DE8}") = "Gara.Aws", "Gara.Aws", "{B9DDAC25-EA18-4A41-AF56-415FA7C3EC31}"
EndProject
Project("{9A19103F-16F7-4668-BE54-9A1E7A4F7556}") = "Gara.Storage.S3.Application", "src\services\Gara.Aws\Gara.Storage.S3.Application\Gara.Storage.S3.Application.csproj", "{E92B0813-C9F4-483A-B7A7-6EE8595BE196}"
EndProject
Project("{9A19103F-16F7-4668-BE54-9A1E7A4F7556}") = "Gara.Storage.S3.Api", "src\services\Gara.Aws\Gara.Storage.S3.Api\Gara.Storage.S3.Api.csproj", "{9DD995F8-7E1E-4B48-AA76-6BA344097EF9}"
EndProject
Project("{9A19103F-16F7-4668-BE54-9A1E7A4F7556}") = "Gara.Storage.S3.Domain", "src\service\Gara.Aws\Gara.Storage.S3.Domain\Gara.Storage.S3.Domain.csproj", "{F308CF45-2CA2-45AC-8941-382DCA04C2BE}"
EndProject
Project("{9A19103F-16F7-4668-BE54-9A1E7A4F7556}") = "Gara.Extension", "src\framework\Gara.Extension\Gara.Extension.csproj", "{D711C1AC-BDC1-4F0D-894E-113BB6F65043}"
EndProject
Project("{FAE04EC0-301F-11D3-BF4B-00C04F79EFBC}") = "Gara.Storage.S3.Api.Test", "test\Gara.Storage.S3.Api.Test\Gara.Storage.S3.Api.Test.csproj", "{DC0CEEE5-8502-4B00-AE60-F80ADA6B333F}"
EndProject
Global
	GlobalSection(SolutionConfigurationPlatforms) = preSolution
		Debug|Any CPU = Debug|Any CPU
		Release|Any CPU = Release|Any CPU
	EndGlobalSection
	GlobalSection(ProjectConfigurationPlatforms) = postSolution
		{4056959F-A9DD-49C3-AB85-A0A799981CA7}.Debug|Any CPU.ActiveCfg = Debug|Any CPU
		{4056959F-A9DD-49C3-AB85-A0A799981CA7}.Debug|Any CPU.Build.0 = Debug|Any CPU
		{4056959F-A9DD-49C3-AB85-A0A799981CA7}.Release|Any CPU.ActiveCfg = Release|Any CPU
		{4056959F-A9DD-49C3-AB85-A0A799981CA7}.Release|Any CPU.Build.0 = Release|Any CPU
		{4D1B6106-B40B-4BB3-81E7-4A44BCA25D31}.Debug|Any CPU.ActiveCfg = Debug|Any CPU
		{4D1B6106-B40B-4BB3-81E7-4A44BCA25D31}.Debug|Any CPU.Build.0 = Debug|Any CPU
		{4D1B6106-B40B-4BB3-81E7-4A44BCA25D31}.Release|Any CPU.ActiveCfg = Release|Any CPU
		{4D1B6106-B40B-4BB3-81E7-4A44BCA25D31}.Release|Any CPU.Build.0 = Release|Any CPU
		{8C030FC6-9414-49DC-8D9A-D91F4A442CAE}.Debug|Any CPU.ActiveCfg = Debug|Any CPU
		{8C030FC6-9414-49DC-8D9A-D91F4A442CAE}.Debug|Any CPU.Build.0 = Debug|Any CPU
		{8C030FC6-9414-49DC-8D9A-D91F4A442CAE}.Release|Any CPU.ActiveCfg = Release|Any CPU
		{8C030FC6-9414-49DC-8D9A-D91F4A442CAE}.Release|Any CPU.Build.0 = Release|Any CPU
		{51638CD1-248C-4FDF-9BAD-693A3F48A185}.Debug|Any CPU.ActiveCfg = Debug|Any CPU
		{51638CD1-248C-4FDF-9BAD-693A3F48A185}.Debug|Any CPU.Build.0 = Debug|Any CPU
		{51638CD1-248C-4FDF-9BAD-693A3F48A185}.Release|Any CPU.ActiveCfg = Release|Any CPU
		{51638CD1-248C-4FDF-9BAD-693A3F48A185}.Release|Any CPU.Build.0 = Release|Any CPU
		{DBA9DD54-FA2C-4016-93B4-355F7C6D0C31}.Debug|Any CPU.ActiveCfg = Debug|Any CPU
		{DBA9DD54-FA2C-4016-93B4-355F7C6D0C31}.Debug|Any CPU.Build.0 = Debug|Any CPU
		{DBA9DD54-FA2C-4016-93B4-355F7C6D0C31}.Release|Any CPU.ActiveCfg = Release|Any CPU
		{DBA9DD54-FA2C-4016-93B4-355F7C6D0C31}.Release|Any CPU.Build.0 = Release|Any CPU
		{2ADAB4A9-EA18-484E-9630-6D0678F3DEE8}.Debug|Any CPU.ActiveCfg = Debug|Any CPU
		{2ADAB4A9-EA18-484E-9630-6D0678F3DEE8}.Debug|Any CPU.Build.0 = Debug|Any CPU
		{2ADAB4A9-EA18-484E-9630-6D0678F3DEE8}.Release|Any CPU.ActiveCfg = Release|Any CPU
		{2ADAB4A9-EA18-484E-9630-6D0678F3DEE8}.Release|Any CPU.Build.0 = Release|Any CPU
		{427563BA-7E1A-4478-A48A-28D23BE31991}.Debug|Any CPU.ActiveCfg = Debug|Any CPU
		{427563BA-7E1A-4478-A48A-28D23BE31991}.Debug|Any CPU.Build.0 = Debug|Any CPU
		{427563BA-7E1A-4478-A48A-28D23BE31991}.Release|Any CPU.ActiveCfg = Release|Any CPU
		{427563BA-7E1A-4478-A48A-28D23BE31991}.Release|Any CPU.Build.0 = Release|Any CPU
		{C2242C57-1DA7-4CF0-86A1-097FACA695DD}.Debug|Any CPU.ActiveCfg = Debug|Any CPU
		{C2242C57-1DA7-4CF0-86A1-097FACA695DD}.Debug|Any CPU.Build.0 = Debug|Any CPU
		{C2242C57-1DA7-4CF0-86A1-097FACA695DD}.Release|Any CPU.ActiveCfg = Release|Any CPU
		{C2242C57-1DA7-4CF0-86A1-097FACA695DD}.Release|Any CPU.Build.0 = Release|Any CPU
		{A685B215-782E-4CCF-AD80-D5F5F9990CB9}.Debug|Any CPU.ActiveCfg = Debug|Any CPU
		{A685B215-782E-4CCF-AD80-D5F5F9990CB9}.Debug|Any CPU.Build.0 = Debug|Any CPU
		{A685B215-782E-4CCF-AD80-D5F5F9990CB9}.Release|Any CPU.ActiveCfg = Release|Any CPU
		{A685B215-782E-4CCF-AD80-D5F5F9990CB9}.Release|Any CPU.Build.0 = Release|Any CPU
		{89BCA064-3739-4493-88FB-A901503DF1D2}.Debug|Any CPU.ActiveCfg = Debug|Any CPU
		{89BCA064-3739-4493-88FB-A901503DF1D2}.Debug|Any CPU.Build.0 = Debug|Any CPU
		{89BCA064-3739-4493-88FB-A901503DF1D2}.Release|Any CPU.ActiveCfg = Release|Any CPU
		{89BCA064-3739-4493-88FB-A901503DF1D2}.Release|Any CPU.Build.0 = Release|Any CPU
		{58C93EFB-0B34-41D6-BB96-4E9F80936F3F}.Debug|Any CPU.ActiveCfg = Debug|Any CPU
		{58C93EFB-0B34-41D6-BB96-4E9F80936F3F}.Debug|Any CPU.Build.0 = Debug|Any CPU
		{58C93EFB-0B34-41D6-BB96-4E9F80936F3F}.Release|Any CPU.ActiveCfg = Release|Any CPU
		{58C93EFB-0B34-41D6-BB96-4E9F80936F3F}.Release|Any CPU.Build.0 = Release|Any CPU
		{29B8C68A-DD72-4023-BA98-9696FFA11E91}.Debug|Any CPU.ActiveCfg = Debug|Any CPU
		{29B8C68A-DD72-4023-BA98-9696FFA11E91}.Debug|Any CPU.Build.0 = Debug|Any CPU
		{29B8C68A-DD72-4023-BA98-9696FFA11E91}.Release|Any CPU.ActiveCfg = Release|Any CPU
		{29B8C68A-DD72-4023-BA98-9696FFA11E91}.Release|Any CPU.Build.0 = Release|Any CPU
		{E92B0813-C9F4-483A-B7A7-6EE8595BE196}.Debug|Any CPU.ActiveCfg = Debug|Any CPU
		{E92B0813-C9F4-483A-B7A7-6EE8595BE196}.Debug|Any CPU.Build.0 = Debug|Any CPU
		{E92B0813-C9F4-483A-B7A7-6EE8595BE196}.Release|Any CPU.ActiveCfg = Release|Any CPU
		{E92B0813-C9F4-483A-B7A7-6EE8595BE196}.Release|Any CPU.Build.0 = Release|Any CPU
		{9DD995F8-7E1E-4B48-AA76-6BA344097EF9}.Debug|Any CPU.ActiveCfg = Debug|Any CPU
		{9DD995F8-7E1E-4B48-AA76-6BA344097EF9}.Debug|Any CPU.Build.0 = Debug|Any CPU
		{9DD995F8-7E1E-4B48-AA76-6BA344097EF9}.Release|Any CPU.ActiveCfg = Release|Any CPU
		{9DD995F8-7E1E-4B48-AA76-6BA344097EF9}.Release|Any CPU.Build.0 = Release|Any CPU
		{F308CF45-2CA2-45AC-8941-382DCA04C2BE}.Debug|Any CPU.ActiveCfg = Debug|Any CPU
		{F308CF45-2CA2-45AC-8941-382DCA04C2BE}.Debug|Any CPU.Build.0 = Debug|Any CPU
		{F308CF45-2CA2-45AC-8941-382DCA04C2BE}.Release|Any CPU.ActiveCfg = Release|Any CPU
		{F308CF45-2CA2-45AC-8941-382DCA04C2BE}.Release|Any CPU.Build.0 = Release|Any CPU
		{D711C1AC-BDC1-4F0D-894E-113BB6F65043}.Debug|Any CPU.ActiveCfg = Debug|Any CPU
		{D711C1AC-BDC1-4F0D-894E-113BB6F65043}.Debug|Any CPU.Build.0 = Debug|Any CPU
		{D711C1AC-BDC1-4F0D-894E-113BB6F65043}.Release|Any CPU.ActiveCfg = Release|Any CPU
		{D711C1AC-BDC1-4F0D-894E-113BB6F65043}.Release|Any CPU.Build.0 = Release|Any CPU
		{DC0CEEE5-8502-4B00-AE60-F80ADA6B333F}.Debug|Any CPU.ActiveCfg = Debug|Any CPU
		{DC0CEEE5-8502-4B00-AE60-F80ADA6B333F}.Debug|Any CPU.Build.0 = Debug|Any CPU
		{DC0CEEE5-8502-4B00-AE60-F80ADA6B333F}.Release|Any CPU.ActiveCfg = Release|Any CPU
		{DC0CEEE5-8502-4B00-AE60-F80ADA6B333F}.Release|Any CPU.Build.0 = Release|Any CPU
	EndGlobalSection
	GlobalSection(SolutionProperties) = preSolution
		HideSolutionNode = FALSE
	EndGlobalSection
	GlobalSection(NestedProjects) = preSolution
		{70F25C4E-1281-47E1-AF5D-E724AFA3B7CE} = {4617551D-2461-4645-BB90-04B8C4A71795}
		{BEE011F2-AF1B-4BF1-BA9A-2E0C5FF9CAAC} = {4617551D-2461-4645-BB90-04B8C4A71795}
		{21D5FA9A-759A-42BB-9C00-7987B4C40BE7} = {4617551D-2461-4645-BB90-04B8C4A71795}
		{60DBA0AB-9D9A-4851-B396-DE48C2FF41E2} = {70F25C4E-1281-47E1-AF5D-E724AFA3B7CE}
		{4056959F-A9DD-49C3-AB85-A0A799981CA7} = {60DBA0AB-9D9A-4851-B396-DE48C2FF41E2}
		{4D1B6106-B40B-4BB3-81E7-4A44BCA25D31} = {60DBA0AB-9D9A-4851-B396-DE48C2FF41E2}
		{8C030FC6-9414-49DC-8D9A-D91F4A442CAE} = {60DBA0AB-9D9A-4851-B396-DE48C2FF41E2}
		{51638CD1-248C-4FDF-9BAD-693A3F48A185} = {21D5FA9A-759A-42BB-9C00-7987B4C40BE7}
		{DBA9DD54-FA2C-4016-93B4-355F7C6D0C31} = {BEE011F2-AF1B-4BF1-BA9A-2E0C5FF9CAAC}
		{2ADAB4A9-EA18-484E-9630-6D0678F3DEE8} = {21D5FA9A-759A-42BB-9C00-7987B4C40BE7}
		{EDB09E20-9955-4928-A933-B932A31FF5A2} = {70F25C4E-1281-47E1-AF5D-E724AFA3B7CE}
		{427563BA-7E1A-4478-A48A-28D23BE31991} = {EDB09E20-9955-4928-A933-B932A31FF5A2}
		{C2242C57-1DA7-4CF0-86A1-097FACA695DD} = {BEE011F2-AF1B-4BF1-BA9A-2E0C5FF9CAAC}
		{A685B215-782E-4CCF-AD80-D5F5F9990CB9} = {21D5FA9A-759A-42BB-9C00-7987B4C40BE7}
		{89BCA064-3739-4493-88FB-A901503DF1D2} = {320970DC-DF34-4518-AB41-5595566988D2}
		{58C93EFB-0B34-41D6-BB96-4E9F80936F3F} = {21D5FA9A-759A-42BB-9C00-7987B4C40BE7}
		{09A2DFC4-B1FB-4443-A90B-C0E0C838CC0B} = {70F25C4E-1281-47E1-AF5D-E724AFA3B7CE}
		{29B8C68A-DD72-4023-BA98-9696FFA11E91} = {09A2DFC4-B1FB-4443-A90B-C0E0C838CC0B}
		{B9DDAC25-EA18-4A41-AF56-415FA7C3EC31} = {70F25C4E-1281-47E1-AF5D-E724AFA3B7CE}
		{E92B0813-C9F4-483A-B7A7-6EE8595BE196} = {B9DDAC25-EA18-4A41-AF56-415FA7C3EC31}
		{9DD995F8-7E1E-4B48-AA76-6BA344097EF9} = {B9DDAC25-EA18-4A41-AF56-415FA7C3EC31}
		{F308CF45-2CA2-45AC-8941-382DCA04C2BE} = {B9DDAC25-EA18-4A41-AF56-415FA7C3EC31}
		{D711C1AC-BDC1-4F0D-894E-113BB6F65043} = {BEE011F2-AF1B-4BF1-BA9A-2E0C5FF9CAAC}
		{DC0CEEE5-8502-4B00-AE60-F80ADA6B333F} = {320970DC-DF34-4518-AB41-5595566988D2}
	EndGlobalSection
	GlobalSection(ExtensibilityGlobals) = postSolution
		SolutionGuid = {7C0E0639-6609-4397-9BBB-7E1CBEF22A44}
	EndGlobalSection
EndGlobal
